// !$*UTF8*$!
{
	archiveVersion = 1;
	classes = {
	};
	objectVersion = 46;
	objects = {

/* Begin PBXBuildFile section */
		184D02B61AEF8E1000DD236E /* main.cpp in Sources */ = {isa = PBXBuildFile; fileRef = 184D02B51AEF8E1000DD236E /* main.cpp */; };
/* End PBXBuildFile section */

/* Begin PBXCopyFilesBuildPhase section */
		184D02B01AEF8E1000DD236E /* CopyFiles */ = {
			isa = PBXCopyFilesBuildPhase;
			buildActionMask = 2147483647;
			dstPath = /usr/share/man/man1/;
			dstSubfolderSpec = 0;
			files = (
			);
			runOnlyForDeploymentPostprocessing = 1;
		};
/* End PBXCopyFilesBuildPhase section */

/* Begin PBXFileReference section */
		184D02B21AEF8E1000DD236E /* doubleLinkedList */ = {isa = PBXFileReference; explicitFileType = "compiled.mach-o.executable"; includeInIndex = 0; path = doubleLinkedList; sourceTree = BUILT_PRODUCTS_DIR; };
		184D02B51AEF8E1000DD236E /* main.cpp */ = {isa = PBXFileReference; lastKnownFileType = sourcecode.cpp.cpp; path = main.cpp; sourceTree = "<group>"; };
		184D02BD1AEFA2DB00DD236E /* doubleLinkedList.h */ = {isa = PBXFileReference; lastKnownFileType = sourcecode.c.h; path = doubleLinkedList.h; sourceTree = "<group>"; };
		184D02BE1AEFAEA800DD236E /* ListNode.h */ = {isa = PBXFileReference; lastKnownFileType = sourcecode.c.h; path = ListNode.h; sourceTree = "<group>"; };
/* End PBXFileReference section */

/* Begin PBXFrameworksBuildPhase section */
		184D02AF1AEF8E1000DD236E /* Frameworks */ = {
			isa = PBXFrameworksBuildPhase;
			buildActionMask = 2147483647;
			files = (
			);
			runOnlyForDeploymentPostprocessing = 0;
		};
/* End PBXFrameworksBuildPhase section */

/* Begin PBXGroup section */
		184D02A91AEF8E1000DD236E = {
			isa = PBXGroup;
			children = (
				184D02B41AEF8E1000DD236E /* doubleLinkedList */,
				184D02B31AEF8E1000DD236E /* Products */,
			);
			sourceTree = "<group>";
		};
		184D02B31AEF8E1000DD236E /* Products */ = {
			isa = PBXGroup;
			children = (
				184D02B21AEF8E1000DD236E /* doubleLinkedList */,
			);
			name = Products;
			sourceTree = "<group>";
		};
		184D02B41AEF8E1000DD236E /* doubleLinkedList */ = {
			isa = PBXGroup;
			children = (
				184D02BC1AEFA2C300DD236E /* model */,
				184D02B51AEF8E1000DD236E /* main.cpp */,
			);
			path = doubleLinkedList;
			sourceTree = "<group>";
		};
		184D02BC1AEFA2C300DD236E /* model */ = {
			isa = PBXGroup;
			children = (
				184D02BD1AEFA2DB00DD236E /* doubleLinkedList.h */,
				184D02BE1AEFAEA800DD236E /* ListNode.h */,
			);
			name = model;
			sourceTree = "<group>";
		};
/* End PBXGroup section */

/* Begin PBXNativeTarget section */
		184D02B11AEF8E1000DD236E /* doubleLinkedList */ = {
			isa = PBXNativeTarget;
			buildConfigurationList = 184D02B91AEF8E1000DD236E /* Build configuration list for PBXNativeTarget "doubleLinkedList" */;
			buildPhases = (
				184D02AE1AEF8E1000DD236E /* Sources */,
				184D02AF1AEF8E1000DD236E /* Frameworks */,
				184D02B01AEF8E1000DD236E /* CopyFiles */,
			);
			buildRules = (
			);
			dependencies = (
			);
			name = doubleLinkedList;
			productName = doubleLinkedList;
			productReference = 184D02B21AEF8E1000DD236E /* doubleLinkedList */;
			productType = "com.apple.product-type.tool";
		};
/* End PBXNativeTarget section */

/* Begin PBXProject section */
		184D02AA1AEF8E1000DD236E /* Project object */ = {
			isa = PBXProject;
			attributes = {
				LastUpgradeCheck = 0630;
				ORGANIZATIONNAME = guoskyhero;
				TargetAttributes = {
					184D02B11AEF8E1000DD236E = {
						CreatedOnToolsVersion = 6.3.1;
					};
				};
			};
			buildConfigurationList = 184D02AD1AEF8E1000DD236E /* Build configuration list for PBXProject "doubleLinkedList" */;
			compatibilityVersion = "Xcode 3.2";
			developmentRegion = English;
			hasScannedForEncodings = 0;
			knownRegions = (
				en,
			);
			mainGroup = 184D02A91AEF8E1000DD236E;
			productRefGroup = 184D02B31AEF8E1000DD236E /* Products */;
			projectDirPath = "";
			projectRoot = "";
			targets = (
				184D02B11AEF8E1000DD236E /* doubleLinkedList */,
			);
		};
/* End PBXProject section */

/* Begin PBXSourcesBuildPhase section */
		184D02AE1AEF8E1000DD236E /* Sources */ = {
			isa = PBXSourcesBuildPhase;
			buildActionMask = 2147483647;
			files = (
				184D02B61AEF8E1000DD236E /* main.cpp in Sources */,
			);
			runOnlyForDeploymentPostprocessing = 0;
		};
/* End PBXSourcesBuildPhase section */

/* Begin XCBuildConfiguration section */
		184D02B71AEF8E1000DD236E /* Debug */ = {
			isa = XCBuildConfiguration;
			buildSettings = {
				ALWAYS_SEARCH_USER_PATHS = NO;
				CLANG_CXX_LANGUAGE_STANDARD = "gnu++0x";
				CLANG_CXX_LIBRARY = "libc++";
				CLANG_ENABLE_MODULES = YES;
				CLANG_ENABLE_OBJC_ARC = YES;
				CLANG_WARN_BOOL_CONVERSION = YES;
				CLANG_WARN_CONSTANT_CONVERSION = YES;
				CLANG_WARN_DIRECT_OBJC_ISA_USAGE = YES_ERROR;
				CLANG_WARN_EMPTY_BODY = YES;
				CLANG_WARN_ENUM_CONVERSION = YES;
				CLANG_WARN_INT_CONVERSION = YES;
				CLANG_WARN_OBJC_ROOT_CLASS = YES_ERROR;
				CLANG_WARN_UNREACHABLE_CODE = YES;
				CLANG_WARN__DUPLICATE_METHOD_MATCH = YES;
				COPY_PHASE_STRIP = NO;
				DEBUG_INFORMATION_FORMAT = dwarf;
				ENABLE_STRICT_OBJC_MSGSEND = YES;
				GCC_C_LANGUAGE_STANDARD = gnu99;
				GCC_DYNAMIC_NO_PIC = NO;
				GCC_NO_COMMON_BLOCKS = YES;
				GCC_OPTIMIZATION_LEVEL = 0;
				GCC_PREPROCESSOR_DEFINITIONS = (
					"DEBUG=1",
					"$(inherited)",
				);
				GCC_SYMBOLS_PRIVATE_EXTERN = NO;
				GCC_WARN_64_TO_32_BIT_CONVERSION = YES;
				GCC_WARN_ABOUT_RETURN_TYPE = YES_ERROR;
				GCC_WARN_UNDECLARED_SELECTOR = YES;
				GCC_WARN_UNINITIALIZED_AUTOS = YES_AGGRESSIVE;
				GCC_WARN_UNUSED_FUNCTION = YES;
				GCC_WARN_UNUSED_VARIABLE = YES;
				MACOSX_DEPLOYMENT_TARGET = 10.10;
				MTL_ENABLE_DEBUG_INFO = YES;
				ONLY_ACTIVE_ARCH = YES;
				SDKROOT = macosx;
			};
			name = Debug;
		};
		184D02B81AEF8E1000DD236E /* Release */ = {
			isa = XCBuildConfiguration;
			buildSettings = {
				ALWAYS_SEARCH_USER_PATHS = NO;
				CLANG_CXX_LANGUAGE_STANDARD = "gnu++0x";
				CLANG_CXX_LIBRARY = "libc++";
				CLANG_ENABLE_MODULES = YES;
				CLANG_ENABLE_OBJC_ARC = YES;
				CLANG_WARN_BOOL_CONVERSION = YES;
				CLANG_WARN_CONSTANT_CONVERSION = YES;
				CLANG_WARN_DIRECT_OBJC_ISA_USAGE = YES_ERROR;
				CLANG_WARN_EMPTY_BODY = YES;
				CLANG_WARN_ENUM_CONVERSION = YES;
				CLANG_WARN_INT_CONVERSION = YES;
				CLANG_WARN_OBJC_ROOT_CLASS = YES_ERROR;
				CLANG_WARN_UNREACHABLE_CODE = YES;
				CLANG_WARN__DUPLICATE_METHOD_MATCH = YES;
				COPY_PHASE_STRIP = NO;
				DEBUG_INFORMATION_FORMAT = "dwarf-with-dsym";
				ENABLE_NS_ASSERTIONS = NO;
				ENABLE_STRICT_OBJC_MSGSEND = YES;
				GCC_C_LANGUAGE_STANDARD = gnu99;
				GCC_NO_COMMON_BLOCKS = YES;
				GCC_WARN_64_TO_32_BIT_CONVERSION = YES;
				GCC_WARN_ABOUT_RETURN_TYPE = YES_ERROR;
				GCC_WARN_UNDECLARED_SELECTOR = YES;
				GCC_WARN_UNINITIALIZED_AUTOS = YES_AGGRESSIVE;
				GCC_WARN_UNUSED_FUNCTION = YES;
				GCC_WARN_UNUSED_VARIABLE = YES;
				MACOSX_DEPLOYMENT_TARGET = 10.10;
				MTL_ENABLE_DEBUG_INFO = NO;
				SDKROOT = macosx;
			};
			name = Release;
		};
		184D02BA1AEF8E1000DD236E /* Debug */ = {
			isa = XCBuildConfiguration;
			buildSettings = {
				PRODUCT_NAME = "$(TARGET_NAME)";
			};
			name = Debug;
		};
		184D02BB1AEF8E1000DD236E /* Release */ = {
			isa = XCBuildConfiguration;
			buildSettings = {
				PRODUCT_NAME = "$(TARGET_NAME)";
			};
			name = Release;
		};
/* End XCBuildConfiguration section */

/* Begin XCConfigurationList section */
		184D02AD1AEF8E1000DD236E /* Build configuration list for PBXProject "doubleLinkedList" */ = {
			isa = XCConfigurationList;
			buildConfigurations = (
				184D02B71AEF8E1000DD236E /* Debug */,
				184D02B81AEF8E1000DD236E /* Release */,
			);
			defaultConfigurationIsVisible = 0;
			defaultConfigurationName = Release;
		};
		184D02B91AEF8E1000DD236E /* Build configuration list for PBXNativeTarget "doubleLinkedList" */ = {
			isa = XCConfigurationList;
			buildConfigurations = (
				184D02BA1AEF8E1000DD236E /* Debug */,
				184D02BB1AEF8E1000DD236E /* Release */,
			);
			defaultConfigurationIsVisible = 0;
		};
/* End XCConfigurationList section */
	};
	rootObject = 184D02AA1AEF8E1000DD236E /* Project object */;
}
