// !$*UTF8*$!
{
	archiveVersion = 1;
	classes = {
	};
	objectVersion = 46;
	objects = {

/* Begin PBXBuildFile section */
		180652801ACEC15B0007F2C9 /* main.cpp in Sources */ = {isa = PBXBuildFile; fileRef = 1806527F1ACEC15B0007F2C9 /* main.cpp */; };
		1806528A1ACEC31E0007F2C9 /* binarySearchTree.cpp in Sources */ = {isa = PBXBuildFile; fileRef = 180652881ACEC31E0007F2C9 /* binarySearchTree.cpp */; };
/* End PBXBuildFile section */

/* Begin PBXCopyFilesBuildPhase section */
		1806527A1ACEC15B0007F2C9 /* CopyFiles */ = {
			isa = PBXCopyFilesBuildPhase;
			buildActionMask = 2147483647;
			dstPath = /usr/share/man/man1/;
			dstSubfolderSpec = 0;
			files = (
			);
			runOnlyForDeploymentPostprocessing = 1;
		};
/* End PBXCopyFilesBuildPhase section */

/* Begin PBXFileReference section */
		1806527C1ACEC15B0007F2C9 /* binary search tree */ = {isa = PBXFileReference; explicitFileType = "compiled.mach-o.executable"; includeInIndex = 0; path = "binary search tree"; sourceTree = BUILT_PRODUCTS_DIR; };
		1806527F1ACEC15B0007F2C9 /* main.cpp */ = {isa = PBXFileReference; lastKnownFileType = sourcecode.cpp.cpp; path = main.cpp; sourceTree = "<group>"; };
		180652881ACEC31E0007F2C9 /* binarySearchTree.cpp */ = {isa = PBXFileReference; fileEncoding = 4; lastKnownFileType = sourcecode.cpp.cpp; path = binarySearchTree.cpp; sourceTree = "<group>"; };
		180652891ACEC31E0007F2C9 /* binarySearchTree.h */ = {isa = PBXFileReference; fileEncoding = 4; lastKnownFileType = sourcecode.c.h; path = binarySearchTree.h; sourceTree = "<group>"; };
		1806528B1ACEC4910007F2C9 /* binaryTreeNode.h */ = {isa = PBXFileReference; lastKnownFileType = sourcecode.c.h; path = binaryTreeNode.h; sourceTree = "<group>"; };
/* End PBXFileReference section */

/* Begin PBXFrameworksBuildPhase section */
		180652791ACEC15B0007F2C9 /* Frameworks */ = {
			isa = PBXFrameworksBuildPhase;
			buildActionMask = 2147483647;
			files = (
			);
			runOnlyForDeploymentPostprocessing = 0;
		};
/* End PBXFrameworksBuildPhase section */

/* Begin PBXGroup section */
		180652731ACEC15B0007F2C9 = {
			isa = PBXGroup;
			children = (
				1806527E1ACEC15B0007F2C9 /* binary search tree */,
				1806527D1ACEC15B0007F2C9 /* Products */,
			);
			sourceTree = "<group>";
		};
		1806527D1ACEC15B0007F2C9 /* Products */ = {
			isa = PBXGroup;
			children = (
				1806527C1ACEC15B0007F2C9 /* binary search tree */,
			);
			name = Products;
			sourceTree = "<group>";
		};
		1806527E1ACEC15B0007F2C9 /* binary search tree */ = {
			isa = PBXGroup;
			children = (
				180652871ACEC3000007F2C9 /* model */,
				1806527F1ACEC15B0007F2C9 /* main.cpp */,
			);
			path = "binary search tree";
			sourceTree = "<group>";
		};
		180652871ACEC3000007F2C9 /* model */ = {
			isa = PBXGroup;
			children = (
				180652881ACEC31E0007F2C9 /* binarySearchTree.cpp */,
				180652891ACEC31E0007F2C9 /* binarySearchTree.h */,
				1806528B1ACEC4910007F2C9 /* binaryTreeNode.h */,
			);
			name = model;
			sourceTree = "<group>";
		};
/* End PBXGroup section */

/* Begin PBXNativeTarget section */
		1806527B1ACEC15B0007F2C9 /* binary search tree */ = {
			isa = PBXNativeTarget;
			buildConfigurationList = 180652831ACEC15B0007F2C9 /* Build configuration list for PBXNativeTarget "binary search tree" */;
			buildPhases = (
				180652781ACEC15B0007F2C9 /* Sources */,
				180652791ACEC15B0007F2C9 /* Frameworks */,
				1806527A1ACEC15B0007F2C9 /* CopyFiles */,
			);
			buildRules = (
			);
			dependencies = (
			);
			name = "binary search tree";
			productName = "binary search tree";
			productReference = 1806527C1ACEC15B0007F2C9 /* binary search tree */;
			productType = "com.apple.product-type.tool";
		};
/* End PBXNativeTarget section */

/* Begin PBXProject section */
		180652741ACEC15B0007F2C9 /* Project object */ = {
			isa = PBXProject;
			attributes = {
				LastUpgradeCheck = 0610;
				ORGANIZATIONNAME = guoskyhero;
				TargetAttributes = {
					1806527B1ACEC15B0007F2C9 = {
						CreatedOnToolsVersion = 6.1;
					};
				};
			};
			buildConfigurationList = 180652771ACEC15B0007F2C9 /* Build configuration list for PBXProject "binary search tree" */;
			compatibilityVersion = "Xcode 3.2";
			developmentRegion = English;
			hasScannedForEncodings = 0;
			knownRegions = (
				en,
			);
			mainGroup = 180652731ACEC15B0007F2C9;
			productRefGroup = 1806527D1ACEC15B0007F2C9 /* Products */;
			projectDirPath = "";
			projectRoot = "";
			targets = (
				1806527B1ACEC15B0007F2C9 /* binary search tree */,
			);
		};
/* End PBXProject section */

/* Begin PBXSourcesBuildPhase section */
		180652781ACEC15B0007F2C9 /* Sources */ = {
			isa = PBXSourcesBuildPhase;
			buildActionMask = 2147483647;
			files = (
				1806528A1ACEC31E0007F2C9 /* binarySearchTree.cpp in Sources */,
				180652801ACEC15B0007F2C9 /* main.cpp in Sources */,
			);
			runOnlyForDeploymentPostprocessing = 0;
		};
/* End PBXSourcesBuildPhase section */

/* Begin XCBuildConfiguration section */
		180652811ACEC15B0007F2C9 /* Debug */ = {
			isa = XCBuildConfiguration;
			buildSettings = {
				ALWAYS_SEARCH_USER_PATHS = NO;
				CLANG_CXX_LANGUAGE_STANDARD = "gnu++0x";
				CLANG_CXX_LIBRARY = "libc++";
				CLANG_ENABLE_MODULES = YES;
				CLANG_ENABLE_OBJC_ARC = YES;
				CLANG_WARN_BOOL_CONVERSION = YES;
				CLANG_WARN_CONSTANT_CONVERSION = YES;
				CLANG_WARN_DIRECT_OBJC_ISA_USAGE = YES_ERROR;
				CLANG_WARN_EMPTY_BODY = YES;
				CLANG_WARN_ENUM_CONVERSION = YES;
				CLANG_WARN_INT_CONVERSION = YES;
				CLANG_WARN_OBJC_ROOT_CLASS = YES_ERROR;
				CLANG_WARN_UNREACHABLE_CODE = YES;
				CLANG_WARN__DUPLICATE_METHOD_MATCH = YES;
				COPY_PHASE_STRIP = NO;
				ENABLE_STRICT_OBJC_MSGSEND = YES;
				GCC_C_LANGUAGE_STANDARD = gnu99;
				GCC_DYNAMIC_NO_PIC = NO;
				GCC_OPTIMIZATION_LEVEL = 0;
				GCC_PREPROCESSOR_DEFINITIONS = (
					"DEBUG=1",
					"$(inherited)",
				);
				GCC_SYMBOLS_PRIVATE_EXTERN = NO;
				GCC_WARN_64_TO_32_BIT_CONVERSION = YES;
				GCC_WARN_ABOUT_RETURN_TYPE = YES_ERROR;
				GCC_WARN_UNDECLARED_SELECTOR = YES;
				GCC_WARN_UNINITIALIZED_AUTOS = YES_AGGRESSIVE;
				GCC_WARN_UNUSED_FUNCTION = YES;
				GCC_WARN_UNUSED_VARIABLE = YES;
				MACOSX_DEPLOYMENT_TARGET = 10.10;
				MTL_ENABLE_DEBUG_INFO = YES;
				ONLY_ACTIVE_ARCH = YES;
				SDKROOT = macosx;
			};
			name = Debug;
		};
		180652821ACEC15B0007F2C9 /* Release */ = {
			isa = XCBuildConfiguration;
			buildSettings = {
				ALWAYS_SEARCH_USER_PATHS = NO;
				CLANG_CXX_LANGUAGE_STANDARD = "gnu++0x";
				CLANG_CXX_LIBRARY = "libc++";
				CLANG_ENABLE_MODULES = YES;
				CLANG_ENABLE_OBJC_ARC = YES;
				CLANG_WARN_BOOL_CONVERSION = YES;
				CLANG_WARN_CONSTANT_CONVERSION = YES;
				CLANG_WARN_DIRECT_OBJC_ISA_USAGE = YES_ERROR;
				CLANG_WARN_EMPTY_BODY = YES;
				CLANG_WARN_ENUM_CONVERSION = YES;
				CLANG_WARN_INT_CONVERSION = YES;
				CLANG_WARN_OBJC_ROOT_CLASS = YES_ERROR;
				CLANG_WARN_UNREACHABLE_CODE = YES;
				CLANG_WARN__DUPLICATE_METHOD_MATCH = YES;
				COPY_PHASE_STRIP = YES;
				DEBUG_INFORMATION_FORMAT = "dwarf-with-dsym";
				ENABLE_NS_ASSERTIONS = NO;
				ENABLE_STRICT_OBJC_MSGSEND = YES;
				GCC_C_LANGUAGE_STANDARD = gnu99;
				GCC_WARN_64_TO_32_BIT_CONVERSION = YES;
				GCC_WARN_ABOUT_RETURN_TYPE = YES_ERROR;
				GCC_WARN_UNDECLARED_SELECTOR = YES;
				GCC_WARN_UNINITIALIZED_AUTOS = YES_AGGRESSIVE;
				GCC_WARN_UNUSED_FUNCTION = YES;
				GCC_WARN_UNUSED_VARIABLE = YES;
				MACOSX_DEPLOYMENT_TARGET = 10.10;
				MTL_ENABLE_DEBUG_INFO = NO;
				SDKROOT = macosx;
			};
			name = Release;
		};
		180652841ACEC15B0007F2C9 /* Debug */ = {
			isa = XCBuildConfiguration;
			buildSettings = {
				PRODUCT_NAME = "$(TARGET_NAME)";
			};
			name = Debug;
		};
		180652851ACEC15B0007F2C9 /* Release */ = {
			isa = XCBuildConfiguration;
			buildSettings = {
				PRODUCT_NAME = "$(TARGET_NAME)";
			};
			name = Release;
		};
/* End XCBuildConfiguration section */

/* Begin XCConfigurationList section */
		180652771ACEC15B0007F2C9 /* Build configuration list for PBXProject "binary search tree" */ = {
			isa = XCConfigurationList;
			buildConfigurations = (
				180652811ACEC15B0007F2C9 /* Debug */,
				180652821ACEC15B0007F2C9 /* Release */,
			);
			defaultConfigurationIsVisible = 0;
			defaultConfigurationName = Release;
		};
		180652831ACEC15B0007F2C9 /* Build configuration list for PBXNativeTarget "binary search tree" */ = {
			isa = XCConfigurationList;
			buildConfigurations = (
				180652841ACEC15B0007F2C9 /* Debug */,
				180652851ACEC15B0007F2C9 /* Release */,
			);
			defaultConfigurationIsVisible = 0;
		};
/* End XCConfigurationList section */
	};
	rootObject = 180652741ACEC15B0007F2C9 /* Project object */;
}
